
Microsoft Visual Studio Solution File, Format Version 12.00
# Visual Studio Version 16
VisualStudioVersion = 16.0.29201.188
MinimumVisualStudioVersion = 10.0.40219.1
Project("{888888A0-9F3D-457C-B088-3A5042F75D52}") = "EverybodyDanceNow", "EverybodyDanceNow.pyproj", "{522B4839-E9FA-41EC-B552-E19777B0264C}"
EndProject
Global
	GlobalSection(SolutionConfigurationPlatforms) = preSolution
		Debug|Any CPU = Debug|Any CPU
		Release|Any CPU = Release|Any CPU
	EndGlobalSection
	GlobalSection(ProjectConfigurationPlatforms) = postSolution
		{522B4839-E9FA-41EC-B552-E19777B0264C}.Debug|Any CPU.ActiveCfg = Debug|Any CPU
		{522B4839-E9FA-41EC-B552-E19777B0264C}.Release|Any CPU.ActiveCfg = Release|Any CPU
	EndGlobalSection
	GlobalSection(SolutionProperties) = preSolution
		HideSolutionNode = FALSE
	EndGlobalSection
	GlobalSection(ExtensibilityGlobals) = postSolution
		SolutionGuid = {83DD4EDB-1C96-4E24-9A2B-F66EE52F644B}
	EndGlobalSection
EndGlobal
